
Microsoft Visual Studio Solution File, Format Version 12.00
# Visual Studio Version 17
VisualStudioVersion = 17.13.35828.75 d17.13
MinimumVisualStudioVersion = 10.0.40219.1
Project("{FAE04EC0-301F-11D3-BF4B-00C04F79EFBC}") = "WpfNoteManager", "WpfNoteManager.csproj", "{F561A728-E94C-43B7-BB6F-3759BC3ACB1F}"
EndProject
Global
	GlobalSection(SolutionConfigurationPlatforms) = preSolution
		Debug|Any CPU = Debug|Any CPU
		Release|Any CPU = Release|Any CPU
	EndGlobalSection
	GlobalSection(ProjectConfigurationPlatforms) = postSolution
		{F561A728-E94C-43B7-BB6F-3759BC3ACB1F}.Debug|Any CPU.ActiveCfg = Debug|Any CPU
		{F561A728-E94C-43B7-BB6F-3759BC3ACB1F}.Debug|Any CPU.Build.0 = Debug|Any CPU
		{F561A728-E94C-43B7-BB6F-3759BC3ACB1F}.Release|Any CPU.ActiveCfg = Release|Any CPU
		{F561A728-E94C-43B7-BB6F-3759BC3ACB1F}.Release|Any CPU.Build.0 = Release|Any CPU
	EndGlobalSection
	GlobalSection(SolutionProperties) = preSolution
		HideSolutionNode = FALSE
	EndGlobalSection
	GlobalSection(ExtensibilityGlobals) = postSolution
		SolutionGuid = {59D9738D-D336-494B-A9C0-6AC7259A9DDA}
	EndGlobalSection
EndGlobal
